
Microsoft Visual Studio Solution File, Format Version 12.00
# Visual Studio 15
VisualStudioVersion = 15.0.26124.0
MinimumVisualStudioVersion = 15.0.26124.0
Project("{FAE04EC0-301F-11D3-BF4B-00C04F79EFBC}") = "AesNi", "AesNi\AesNi.csproj", "{8E37D3C3-1A6C-4B16-B3A7-D61E5CE37F9F}"
EndProject
Project("{FAE04EC0-301F-11D3-BF4B-00C04F79EFBC}") = "AesNi.Benchmarks", "AesNi.Benchmarks\AesNi.Benchmarks.csproj", "{C67724F9-E5CB-484E-B945-EE1C239B57E8}"
EndProject
Project("{FAE04EC0-301F-11D3-BF4B-00C04F79EFBC}") = "AesNi.Tests", "AesNi.Tests\AesNi.Tests.csproj", "{AA4F2F29-5EE6-4596-89C8-DB41D4A75943}"
EndProject
Project("{FAE04EC0-301F-11D3-BF4B-00C04F79EFBC}") = "AesNi.BruteForce", "AesNi.BruteForce\AesNi.BruteForce.csproj", "{33E58333-B186-4226-BB9C-FF88601EAAA7}"
EndProject
Global
	GlobalSection(SolutionConfigurationPlatforms) = preSolution
		Debug|Any CPU = Debug|Any CPU
		Debug|x64 = Debug|x64
		Debug|x86 = Debug|x86
		Release|Any CPU = Release|Any CPU
		Release|x64 = Release|x64
		Release|x86 = Release|x86
	EndGlobalSection
	GlobalSection(SolutionProperties) = preSolution
		HideSolutionNode = FALSE
	EndGlobalSection
	GlobalSection(ProjectConfigurationPlatforms) = postSolution
		{8E37D3C3-1A6C-4B16-B3A7-D61E5CE37F9F}.Debug|Any CPU.ActiveCfg = Debug|Any CPU
		{8E37D3C3-1A6C-4B16-B3A7-D61E5CE37F9F}.Debug|Any CPU.Build.0 = Debug|Any CPU
		{8E37D3C3-1A6C-4B16-B3A7-D61E5CE37F9F}.Debug|x64.ActiveCfg = Debug|Any CPU
		{8E37D3C3-1A6C-4B16-B3A7-D61E5CE37F9F}.Debug|x64.Build.0 = Debug|Any CPU
		{8E37D3C3-1A6C-4B16-B3A7-D61E5CE37F9F}.Debug|x86.ActiveCfg = Debug|Any CPU
		{8E37D3C3-1A6C-4B16-B3A7-D61E5CE37F9F}.Debug|x86.Build.0 = Debug|Any CPU
		{8E37D3C3-1A6C-4B16-B3A7-D61E5CE37F9F}.Release|Any CPU.ActiveCfg = Release|Any CPU
		{8E37D3C3-1A6C-4B16-B3A7-D61E5CE37F9F}.Release|Any CPU.Build.0 = Release|Any CPU
		{8E37D3C3-1A6C-4B16-B3A7-D61E5CE37F9F}.Release|x64.ActiveCfg = Release|Any CPU
		{8E37D3C3-1A6C-4B16-B3A7-D61E5CE37F9F}.Release|x64.Build.0 = Release|Any CPU
		{8E37D3C3-1A6C-4B16-B3A7-D61E5CE37F9F}.Release|x86.ActiveCfg = Release|Any CPU
		{8E37D3C3-1A6C-4B16-B3A7-D61E5CE37F9F}.Release|x86.Build.0 = Release|Any CPU
		{C67724F9-E5CB-484E-B945-EE1C239B57E8}.Debug|Any CPU.ActiveCfg = Debug|Any CPU
		{C67724F9-E5CB-484E-B945-EE1C239B57E8}.Debug|Any CPU.Build.0 = Debug|Any CPU
		{C67724F9-E5CB-484E-B945-EE1C239B57E8}.Debug|x64.ActiveCfg = Debug|Any CPU
		{C67724F9-E5CB-484E-B945-EE1C239B57E8}.Debug|x64.Build.0 = Debug|Any CPU
		{C67724F9-E5CB-484E-B945-EE1C239B57E8}.Debug|x86.ActiveCfg = Debug|Any CPU
		{C67724F9-E5CB-484E-B945-EE1C239B57E8}.Debug|x86.Build.0 = Debug|Any CPU
		{C67724F9-E5CB-484E-B945-EE1C239B57E8}.Release|Any CPU.ActiveCfg = Release|Any CPU
		{C67724F9-E5CB-484E-B945-EE1C239B57E8}.Release|Any CPU.Build.0 = Release|Any CPU
		{C67724F9-E5CB-484E-B945-EE1C239B57E8}.Release|x64.ActiveCfg = Release|Any CPU
		{C67724F9-E5CB-484E-B945-EE1C239B57E8}.Release|x64.Build.0 = Release|Any CPU
		{C67724F9-E5CB-484E-B945-EE1C239B57E8}.Release|x86.ActiveCfg = Release|Any CPU
		{C67724F9-E5CB-484E-B945-EE1C239B57E8}.Release|x86.Build.0 = Release|Any CPU
		{AA4F2F29-5EE6-4596-89C8-DB41D4A75943}.Debug|Any CPU.ActiveCfg = Debug|Any CPU
		{AA4F2F29-5EE6-4596-89C8-DB41D4A75943}.Debug|Any CPU.Build.0 = Debug|Any CPU
		{AA4F2F29-5EE6-4596-89C8-DB41D4A75943}.Debug|x64.ActiveCfg = Debug|Any CPU
		{AA4F2F29-5EE6-4596-89C8-DB41D4A75943}.Debug|x64.Build.0 = Debug|Any CPU
		{AA4F2F29-5EE6-4596-89C8-DB41D4A75943}.Debug|x86.ActiveCfg = Debug|Any CPU
		{AA4F2F29-5EE6-4596-89C8-DB41D4A75943}.Debug|x86.Build.0 = Debug|Any CPU
		{AA4F2F29-5EE6-4596-89C8-DB41D4A75943}.Release|Any CPU.ActiveCfg = Release|Any CPU
		{AA4F2F29-5EE6-4596-89C8-DB41D4A75943}.Release|Any CPU.Build.0 = Release|Any CPU
		{AA4F2F29-5EE6-4596-89C8-DB41D4A75943}.Release|x64.ActiveCfg = Release|Any CPU
		{AA4F2F29-5EE6-4596-89C8-DB41D4A75943}.Release|x64.Build.0 = Release|Any CPU
		{AA4F2F29-5EE6-4596-89C8-DB41D4A75943}.Release|x86.ActiveCfg = Release|Any CPU
		{AA4F2F29-5EE6-4596-89C8-DB41D4A75943}.Release|x86.Build.0 = Release|Any CPU
		{33E58333-B186-4226-BB9C-FF88601EAAA7}.Debug|Any CPU.ActiveCfg = Debug|Any CPU
		{33E58333-B186-4226-BB9C-FF88601EAAA7}.Debug|Any CPU.Build.0 = Debug|Any CPU
		{33E58333-B186-4226-BB9C-FF88601EAAA7}.Debug|x64.ActiveCfg = Debug|Any CPU
		{33E58333-B186-4226-BB9C-FF88601EAAA7}.Debug|x64.Build.0 = Debug|Any CPU
		{33E58333-B186-4226-BB9C-FF88601EAAA7}.Debug|x86.ActiveCfg = Debug|Any CPU
		{33E58333-B186-4226-BB9C-FF88601EAAA7}.Debug|x86.Build.0 = Debug|Any CPU
		{33E58333-B186-4226-BB9C-FF88601EAAA7}.Release|Any CPU.ActiveCfg = Release|Any CPU
		{33E58333-B186-4226-BB9C-FF88601EAAA7}.Release|Any CPU.Build.0 = Release|Any CPU
		{33E58333-B186-4226-BB9C-FF88601EAAA7}.Release|x64.ActiveCfg = Release|Any CPU
		{33E58333-B186-4226-BB9C-FF88601EAAA7}.Release|x64.Build.0 = Release|Any CPU
		{33E58333-B186-4226-BB9C-FF88601EAAA7}.Release|x86.ActiveCfg = Release|Any CPU
		{33E58333-B186-4226-BB9C-FF88601EAAA7}.Release|x86.Build.0 = Release|Any CPU
	EndGlobalSection
EndGlobal
